
Microsoft Visual Studio Solution File, Format Version 12.00
# Visual Studio 2012
Project("{FAE04EC0-301F-11D3-BF4B-00C04F79EFBC}") = "GitHubProblems", "GitHubProblems\GitHubProblems.csproj", "{0CC86E94-6464-4C1C-BFDB-8F41134BB859}"
EndProject
Global
	GlobalSection(SolutionConfigurationPlatforms) = preSolution
		Debug|Any CPU = Debug|Any CPU
		Release|Any CPU = Release|Any CPU
	EndGlobalSection
	GlobalSection(ProjectConfigurationPlatforms) = postSolution
		{0CC86E94-6464-4C1C-BFDB-8F41134BB859}.Debug|Any CPU.ActiveCfg = Debug|Any CPU
		{0CC86E94-6464-4C1C-BFDB-8F41134BB859}.Debug|Any CPU.Build.0 = Debug|Any CPU
		{0CC86E94-6464-4C1C-BFDB-8F41134BB859}.Release|Any CPU.ActiveCfg = Release|Any CPU
		{0CC86E94-6464-4C1C-BFDB-8F41134BB859}.Release|Any CPU.Build.0 = Release|Any CPU
	EndGlobalSection
	GlobalSection(SolutionProperties) = preSolution
		HideSolutionNode = FALSE
	EndGlobalSection
EndGlobal
